<?xml version="1.0" encoding="utf-8"?>
<Project ToolsVersion="4.0" xmlns="http://schemas.microsoft.com/developer/msbuild/2003">
  <ItemGroup>
    <Filter Include="Source Files">
      <UniqueIdentifier>{4FC737F1-C7A5-4376-A066-2A32D752A2FF}</UniqueIdentifier>
      <Extensions>cpp;c;cc;cxx;c++;cppm;ixx;def;odl;idl;hpj;bat;asm;asmx</Extensions>
    </Filter>
    <Filter Include="Header Files">
      <UniqueIdentifier>{93995380-89BD-4b04-88EB-625FBE52EBFB}</UniqueIdentifier>
      <Extensions>h;hh;hpp;hxx;h++;hm;inl;inc;ipp;xsd</Extensions>
    </Filter>
    <Filter Include="Resource Files">
      <UniqueIdentifier>{67DA6AB6-F800-4c08-8B7A-83BB121AAD01}</UniqueIdentifier>
      <Extensions>rc;ico;cur;bmp;dlg;rc2;rct;bin;rgs;gif;jpg;jpeg;jpe;resx;tiff;tif;png;wav;mfcribbon-ms</Extensions>
    </Filter>
    <Filter Include="Source Files\Shapes">
      <UniqueIdentifier>{1e44405c-b0b4-4e4f-938c-79f9da56dc33}</UniqueIdentifier>
    </Filter>
    <Filter Include="Header Files\Shapes">
      <UniqueIdentifier>{22486887-b254-4171-a8fe-f5c58399e81f}</UniqueIdentifier>
    </Filter>
    <Filter Include="Source Files\BVH">
      <UniqueIdentifier>{f590816f-796a-41bd-b5a0-9ed4144b95ba}</UniqueIdentifier>
    </Filter>
    <Filter Include="Header Files\BVH">
      <UniqueIdentifier>{f45ee724-2a81-4376-8f26-b593021f5ad7}</UniqueIdentifier>
    </Filter>
  </ItemGroup>
  <ItemGroup>
    <Text Include="ReadMe.txt" />
  </ItemGroup>
  <ItemGroup>
    <ClInclude Include="Headers\Textures.h">
      <Filter>Header Files</Filter>
    </ClInclude>
    <ClInclude Include="Headers\BVH\BVHnode.h">
      <Filter>Header Files</Filter>
    </ClInclude>
    <ClInclude Include="Headers\BVH\Grid.h">
      <Filter>Header Files</Filter>
    </ClInclude>
    <ClInclude Include="Headers\Lights\AreaLight.h">
      <Filter>Header Files</Filter>
    </ClInclude>
    <ClInclude Include="Headers\Lights\LightSource.h">
      <Filter>Header Files</Filter>
    </ClInclude>
    <ClInclude Include="Headers\Rendering\Screen.h">
      <Filter>Header Files</Filter>
    </ClInclude>
    <ClInclude Include="Headers\Shapes\AABB.h">
      <Filter>Header Files</Filter>
    </ClInclude>
    <ClInclude Include="Headers\Shapes\Box.h">
      <Filter>Header Files</Filter>
    </ClInclude>
    <ClInclude Include="Headers\Shapes\Plane.h">
      <Filter>Header Files</Filter>
    </ClInclude>
    <ClInclude Include="Headers\Shapes\Shapes.h">
      <Filter>Header Files</Filter>
    </ClInclude>
    <ClInclude Include="Headers\Shapes\Sphere.h">
      <Filter>Header Files</Filter>
    </ClInclude>
    <ClInclude Include="Headers\Shapes\Triangle.h">
      <Filter>Header Files</Filter>
    </ClInclude>
    <ClInclude Include="Headers\ObjectManager.h">
      <Filter>Header Files</Filter>
    </ClInclude>
    <ClInclude Include="Headers\Ray.h">
      <Filter>Header Files</Filter>
    </ClInclude>
    <ClInclude Include="Headers\precomp.h">
      <Filter>Header Files</Filter>
    </ClInclude>
  </ItemGroup>
  <ItemGroup>
    <ClCompile Include="Source\BVH\BVHnode.cpp">
      <Filter>Source Files</Filter>
    </ClCompile>
    <ClCompile Include="Source\BVH\Grid.cpp">
      <Filter>Source Files</Filter>
    </ClCompile>
    <ClCompile Include="Source\Lights\AreaLight.cpp">
      <Filter>Source Files</Filter>
    </ClCompile>
    <ClCompile Include="Source\Lights\LightSource.cpp">
      <Filter>Source Files</Filter>
    </ClCompile>
    <ClCompile Include="Source\Rendering\Screen.cpp">
      <Filter>Source Files</Filter>
    </ClCompile>
    <ClCompile Include="Source\Shapes\AABB.cpp">
      <Filter>Source Files</Filter>
    </ClCompile>
    <ClCompile Include="Source\Shapes\Box.cpp">
      <Filter>Source Files</Filter>
    </ClCompile>
    <ClCompile Include="Source\Shapes\Plane.cpp">
      <Filter>Source Files</Filter>
    </ClCompile>
    <ClCompile Include="Source\Shapes\Shapes.cpp">
      <Filter>Source Files</Filter>
    </ClCompile>
    <ClCompile Include="Source\Shapes\Sphere.cpp">
      <Filter>Source Files</Filter>
    </ClCompile>
    <ClCompile Include="Source\Shapes\Triangle.cpp">
      <Filter>Source Files</Filter>
    </ClCompile>
    <ClCompile Include="Source\ObjectManager.cpp">
      <Filter>Source Files</Filter>
    </ClCompile>
    <ClCompile Include="Source\precomp.cpp">
      <Filter>Source Files</Filter>
    </ClCompile>
    <ClCompile Include="Source\Ray.cpp">
      <Filter>Source Files</Filter>
    </ClCompile>
    <ClCompile Include="Source\Source.cpp">
      <Filter>Source Files</Filter>
    </ClCompile>
    <ClCompile Include="Source\Textures.cpp">
      <Filter>Source Files</Filter>
    </ClCompile>
  </ItemGroup>
</Project>